Microsoft Visual Studio Solution File, Format Version 12.00
# Visual Studio Version 17
VisualStudioVersion = 17.5.2.0
MinimumVisualStudioVersion = 10.0.40219.1
Project("{FAE04EC0-301F-11D3-BF4B-00C04F79EFBC}") = "journal_app", "journal_app.csproj", "{7B1CCB2E-C807-0DF1-5EC4-2BE63431EDDB}"
EndProject
Global
	GlobalSection(SolutionConfigurationPlatforms) = preSolution
		Debug|Any CPU = Debug|Any CPU
		Release|Any CPU = Release|Any CPU
	EndGlobalSection
	GlobalSection(ProjectConfigurationPlatforms) = postSolution
		{7B1CCB2E-C807-0DF1-5EC4-2BE63431EDDB}.Debug|Any CPU.ActiveCfg = Debug|Any CPU
		{7B1CCB2E-C807-0DF1-5EC4-2BE63431EDDB}.Debug|Any CPU.Build.0 = Debug|Any CPU
		{7B1CCB2E-C807-0DF1-5EC4-2BE63431EDDB}.Release|Any CPU.ActiveCfg = Release|Any CPU
		{7B1CCB2E-C807-0DF1-5EC4-2BE63431EDDB}.Release|Any CPU.Build.0 = Release|Any CPU
	EndGlobalSection
	GlobalSection(SolutionProperties) = preSolution
		HideSolutionNode = FALSE
	EndGlobalSection
	GlobalSection(ExtensibilityGlobals) = postSolution
		SolutionGuid = {B9BD862B-220D-4BAC-8903-3357FEF3FA18}
	EndGlobalSection
EndGlobal
