Microsoft Visual Studio Solution File, Format Version 12.00
# Visual Studio Version 17
VisualStudioVersion = 17.5.2.0
MinimumVisualStudioVersion = 10.0.40219.1
Project("{FAE04EC0-301F-11D3-BF4B-00C04F79EFBC}") = "journal_app", "journal_app\journal_app.csproj", "{3958976F-A7EB-291C-F5E9-E9B98F79B63F}"
EndProject
Global
	GlobalSection(SolutionConfigurationPlatforms) = preSolution
		Debug|Any CPU = Debug|Any CPU
		Release|Any CPU = Release|Any CPU
	EndGlobalSection
	GlobalSection(ProjectConfigurationPlatforms) = postSolution
		{3958976F-A7EB-291C-F5E9-E9B98F79B63F}.Debug|Any CPU.ActiveCfg = Debug|Any CPU
		{3958976F-A7EB-291C-F5E9-E9B98F79B63F}.Debug|Any CPU.Build.0 = Debug|Any CPU
		{3958976F-A7EB-291C-F5E9-E9B98F79B63F}.Release|Any CPU.ActiveCfg = Release|Any CPU
		{3958976F-A7EB-291C-F5E9-E9B98F79B63F}.Release|Any CPU.Build.0 = Release|Any CPU
	EndGlobalSection
	GlobalSection(SolutionProperties) = preSolution
		HideSolutionNode = FALSE
	EndGlobalSection
	GlobalSection(ExtensibilityGlobals) = postSolution
		SolutionGuid = {7EF5F6D1-EA81-4AE4-890E-5FE88C58D673}
	EndGlobalSection
EndGlobal
